
Microsoft Visual Studio Solution File, Format Version 12.00
# Visual Studio Version 16
VisualStudioVersion = 16.0.31129.286
MinimumVisualStudioVersion = 10.0.40219.1
Project("{FAE04EC0-301F-11D3-BF4B-00C04F79EFBC}") = "BookingAssignment3", "BookingAssignment3\BookingAssignment3.csproj", "{B2F1B5D2-B265-4222-BADA-426D1F4DFF7C}"
EndProject
Global
	GlobalSection(SolutionConfigurationPlatforms) = preSolution
		Debug|Any CPU = Debug|Any CPU
		Release|Any CPU = Release|Any CPU
	EndGlobalSection
	GlobalSection(ProjectConfigurationPlatforms) = postSolution
		{B2F1B5D2-B265-4222-BADA-426D1F4DFF7C}.Debug|Any CPU.ActiveCfg = Debug|Any CPU
		{B2F1B5D2-B265-4222-BADA-426D1F4DFF7C}.Debug|Any CPU.Build.0 = Debug|Any CPU
		{B2F1B5D2-B265-4222-BADA-426D1F4DFF7C}.Release|Any CPU.ActiveCfg = Release|Any CPU
		{B2F1B5D2-B265-4222-BADA-426D1F4DFF7C}.Release|Any CPU.Build.0 = Release|Any CPU
	EndGlobalSection
	GlobalSection(SolutionProperties) = preSolution
		HideSolutionNode = FALSE
	EndGlobalSection
	GlobalSection(ExtensibilityGlobals) = postSolution
		SolutionGuid = {44A7DB21-D404-43E3-882F-6C544AEEFB45}
	EndGlobalSection
EndGlobal
