
Microsoft Visual Studio Solution File, Format Version 12.00
# Visual Studio Version 16
VisualStudioVersion = 16.0.31025.194
MinimumVisualStudioVersion = 10.0.40219.1
Project("{FAE04EC0-301F-11D3-BF4B-00C04F79EFBC}") = "Personnel", "Personnel\Personnel.csproj", "{57B74328-67BE-429C-9716-F34D24C08DDD}"
EndProject
Global
	GlobalSection(SolutionConfigurationPlatforms) = preSolution
		Debug|Any CPU = Debug|Any CPU
		Release|Any CPU = Release|Any CPU
	EndGlobalSection
	GlobalSection(ProjectConfigurationPlatforms) = postSolution
		{57B74328-67BE-429C-9716-F34D24C08DDD}.Debug|Any CPU.ActiveCfg = Debug|Any CPU
		{57B74328-67BE-429C-9716-F34D24C08DDD}.Debug|Any CPU.Build.0 = Debug|Any CPU
		{57B74328-67BE-429C-9716-F34D24C08DDD}.Release|Any CPU.ActiveCfg = Release|Any CPU
		{57B74328-67BE-429C-9716-F34D24C08DDD}.Release|Any CPU.Build.0 = Release|Any CPU
	EndGlobalSection
	GlobalSection(SolutionProperties) = preSolution
		HideSolutionNode = FALSE
	EndGlobalSection
	GlobalSection(ExtensibilityGlobals) = postSolution
		SolutionGuid = {22414D7B-320E-481D-9676-D895E7A5847E}
	EndGlobalSection
EndGlobal
