
Microsoft Visual Studio Solution File, Format Version 12.00
# Visual Studio Version 16
VisualStudioVersion = 16.0.31025.194
MinimumVisualStudioVersion = 10.0.40219.1
Project("{FAE04EC0-301F-11D3-BF4B-00C04F79EFBC}") = "DatatypeDescription", "DatatypeDescription\DatatypeDescription.csproj", "{5E5EBFF2-2B02-4E2D-B1B4-9AF5C86779E8}"
EndProject
Global
	GlobalSection(SolutionConfigurationPlatforms) = preSolution
		Debug|Any CPU = Debug|Any CPU
		Release|Any CPU = Release|Any CPU
	EndGlobalSection
	GlobalSection(ProjectConfigurationPlatforms) = postSolution
		{5E5EBFF2-2B02-4E2D-B1B4-9AF5C86779E8}.Debug|Any CPU.ActiveCfg = Debug|Any CPU
		{5E5EBFF2-2B02-4E2D-B1B4-9AF5C86779E8}.Debug|Any CPU.Build.0 = Debug|Any CPU
		{5E5EBFF2-2B02-4E2D-B1B4-9AF5C86779E8}.Release|Any CPU.ActiveCfg = Release|Any CPU
		{5E5EBFF2-2B02-4E2D-B1B4-9AF5C86779E8}.Release|Any CPU.Build.0 = Release|Any CPU
	EndGlobalSection
	GlobalSection(SolutionProperties) = preSolution
		HideSolutionNode = FALSE
	EndGlobalSection
	GlobalSection(ExtensibilityGlobals) = postSolution
		SolutionGuid = {86BB84F4-EE04-4037-AEB1-6A272AC4B47D}
	EndGlobalSection
EndGlobal
