
Microsoft Visual Studio Solution File, Format Version 12.00
# Visual Studio Version 16
VisualStudioVersion = 16.0.31129.286
MinimumVisualStudioVersion = 10.0.40219.1
Project("{FAE04EC0-301F-11D3-BF4B-00C04F79EFBC}") = "BookingAssignment4", "BookingAssignment4\BookingAssignment4.csproj", "{290B8F71-2617-444B-9D87-24D553CAAE7E}"
EndProject
Global
	GlobalSection(SolutionConfigurationPlatforms) = preSolution
		Debug|Any CPU = Debug|Any CPU
		Release|Any CPU = Release|Any CPU
	EndGlobalSection
	GlobalSection(ProjectConfigurationPlatforms) = postSolution
		{290B8F71-2617-444B-9D87-24D553CAAE7E}.Debug|Any CPU.ActiveCfg = Debug|Any CPU
		{290B8F71-2617-444B-9D87-24D553CAAE7E}.Debug|Any CPU.Build.0 = Debug|Any CPU
		{290B8F71-2617-444B-9D87-24D553CAAE7E}.Release|Any CPU.ActiveCfg = Release|Any CPU
		{290B8F71-2617-444B-9D87-24D553CAAE7E}.Release|Any CPU.Build.0 = Release|Any CPU
	EndGlobalSection
	GlobalSection(SolutionProperties) = preSolution
		HideSolutionNode = FALSE
	EndGlobalSection
	GlobalSection(ExtensibilityGlobals) = postSolution
		SolutionGuid = {FD44A279-5471-4841-B264-3481B78EB988}
	EndGlobalSection
EndGlobal
