
Microsoft Visual Studio Solution File, Format Version 12.00
# Visual Studio Version 16
VisualStudioVersion = 16.0.31129.286
MinimumVisualStudioVersion = 10.0.40219.1
Project("{FAE04EC0-301F-11D3-BF4B-00C04F79EFBC}") = "TodoApi", "TodoApi\TodoApi.csproj", "{C19AA84D-41C3-4753-9B99-0A5178AA6029}"
EndProject
Global
	GlobalSection(SolutionConfigurationPlatforms) = preSolution
		Debug|Any CPU = Debug|Any CPU
		Release|Any CPU = Release|Any CPU
	EndGlobalSection
	GlobalSection(ProjectConfigurationPlatforms) = postSolution
		{C19AA84D-41C3-4753-9B99-0A5178AA6029}.Debug|Any CPU.ActiveCfg = Debug|Any CPU
		{C19AA84D-41C3-4753-9B99-0A5178AA6029}.Debug|Any CPU.Build.0 = Debug|Any CPU
		{C19AA84D-41C3-4753-9B99-0A5178AA6029}.Release|Any CPU.ActiveCfg = Release|Any CPU
		{C19AA84D-41C3-4753-9B99-0A5178AA6029}.Release|Any CPU.Build.0 = Release|Any CPU
	EndGlobalSection
	GlobalSection(SolutionProperties) = preSolution
		HideSolutionNode = FALSE
	EndGlobalSection
	GlobalSection(ExtensibilityGlobals) = postSolution
		SolutionGuid = {35F1B1C5-DDF9-46EF-B4CB-81710B146654}
	EndGlobalSection
EndGlobal
