
Microsoft Visual Studio Solution File, Format Version 12.00
# Visual Studio Version 16
VisualStudioVersion = 16.0.30011.22
MinimumVisualStudioVersion = 10.0.40219.1
Project("{9A19103F-16F7-4668-BE54-9A1E7A4F7556}") = "GPOpgaver", "GPOpgaver\GPOpgaver.csproj", "{7AE79010-F777-4F2D-8E50-A733049DFD9A}"
EndProject
Project("{9A19103F-16F7-4668-BE54-9A1E7A4F7556}") = "XUnitTestGPOpgaver", "XUnitTestGPOpgaver\XUnitTestGPOpgaver.csproj", "{3A181953-48BA-4D17-8749-C196A3810A19}"
EndProject
Global
	GlobalSection(SolutionConfigurationPlatforms) = preSolution
		Debug|Any CPU = Debug|Any CPU
		Release|Any CPU = Release|Any CPU
	EndGlobalSection
	GlobalSection(ProjectConfigurationPlatforms) = postSolution
		{7AE79010-F777-4F2D-8E50-A733049DFD9A}.Debug|Any CPU.ActiveCfg = Debug|Any CPU
		{7AE79010-F777-4F2D-8E50-A733049DFD9A}.Debug|Any CPU.Build.0 = Debug|Any CPU
		{7AE79010-F777-4F2D-8E50-A733049DFD9A}.Release|Any CPU.ActiveCfg = Release|Any CPU
		{7AE79010-F777-4F2D-8E50-A733049DFD9A}.Release|Any CPU.Build.0 = Release|Any CPU
		{3A181953-48BA-4D17-8749-C196A3810A19}.Debug|Any CPU.ActiveCfg = Debug|Any CPU
		{3A181953-48BA-4D17-8749-C196A3810A19}.Debug|Any CPU.Build.0 = Debug|Any CPU
		{3A181953-48BA-4D17-8749-C196A3810A19}.Release|Any CPU.ActiveCfg = Release|Any CPU
		{3A181953-48BA-4D17-8749-C196A3810A19}.Release|Any CPU.Build.0 = Release|Any CPU
	EndGlobalSection
	GlobalSection(SolutionProperties) = preSolution
		HideSolutionNode = FALSE
	EndGlobalSection
	GlobalSection(ExtensibilityGlobals) = postSolution
		SolutionGuid = {4F865B75-4D37-4DC3-A9BA-1998AA145E2B}
	EndGlobalSection
EndGlobal
