
Microsoft Visual Studio Solution File, Format Version 12.00
# Visual Studio Version 16
VisualStudioVersion = 16.0.31129.286
MinimumVisualStudioVersion = 10.0.40219.1
Project("{FAE04EC0-301F-11D3-BF4B-00C04F79EFBC}") = "RazerApp", "RazerApp\RazerApp.csproj", "{C11C7859-3C19-4CCD-AB9A-316402C42D4F}"
EndProject
Global
	GlobalSection(SolutionConfigurationPlatforms) = preSolution
		Debug|Any CPU = Debug|Any CPU
		Release|Any CPU = Release|Any CPU
	EndGlobalSection
	GlobalSection(ProjectConfigurationPlatforms) = postSolution
		{C11C7859-3C19-4CCD-AB9A-316402C42D4F}.Debug|Any CPU.ActiveCfg = Debug|Any CPU
		{C11C7859-3C19-4CCD-AB9A-316402C42D4F}.Debug|Any CPU.Build.0 = Debug|Any CPU
		{C11C7859-3C19-4CCD-AB9A-316402C42D4F}.Release|Any CPU.ActiveCfg = Release|Any CPU
		{C11C7859-3C19-4CCD-AB9A-316402C42D4F}.Release|Any CPU.Build.0 = Release|Any CPU
	EndGlobalSection
	GlobalSection(SolutionProperties) = preSolution
		HideSolutionNode = FALSE
	EndGlobalSection
	GlobalSection(ExtensibilityGlobals) = postSolution
		SolutionGuid = {61D06EDE-B0CA-4289-BEE8-6AFD7527EA1E}
	EndGlobalSection
EndGlobal
