
Microsoft Visual Studio Solution File, Format Version 12.00
# Visual Studio Version 16
VisualStudioVersion = 16.0.31129.286
MinimumVisualStudioVersion = 10.0.40219.1
Project("{FAE04EC0-301F-11D3-BF4B-00C04F79EFBC}") = "Array of Strings", "Array of Strings\Array of Strings.csproj", "{42FAE55D-56AE-4A03-AA2D-62AC05FBB92E}"
EndProject
Global
	GlobalSection(SolutionConfigurationPlatforms) = preSolution
		Debug|Any CPU = Debug|Any CPU
		Release|Any CPU = Release|Any CPU
	EndGlobalSection
	GlobalSection(ProjectConfigurationPlatforms) = postSolution
		{42FAE55D-56AE-4A03-AA2D-62AC05FBB92E}.Debug|Any CPU.ActiveCfg = Debug|Any CPU
		{42FAE55D-56AE-4A03-AA2D-62AC05FBB92E}.Debug|Any CPU.Build.0 = Debug|Any CPU
		{42FAE55D-56AE-4A03-AA2D-62AC05FBB92E}.Release|Any CPU.ActiveCfg = Release|Any CPU
		{42FAE55D-56AE-4A03-AA2D-62AC05FBB92E}.Release|Any CPU.Build.0 = Release|Any CPU
	EndGlobalSection
	GlobalSection(SolutionProperties) = preSolution
		HideSolutionNode = FALSE
	EndGlobalSection
	GlobalSection(ExtensibilityGlobals) = postSolution
		SolutionGuid = {2A5205C6-C917-4D0C-8D10-ED9A4D2E1875}
	EndGlobalSection
EndGlobal
