
Microsoft Visual Studio Solution File, Format Version 12.00
# Visual Studio Version 16
VisualStudioVersion = 16.0.31025.194
MinimumVisualStudioVersion = 10.0.40219.1
Project("{FAE04EC0-301F-11D3-BF4B-00C04F79EFBC}") = "BlazorWebAssemblyApp.Server", "BlazorWebAssemblyApp\Server\BlazorWebAssemblyApp.Server.csproj", "{65BD6022-23FE-4FF2-9324-FF92B38778F2}"
EndProject
Project("{FAE04EC0-301F-11D3-BF4B-00C04F79EFBC}") = "BlazorWebAssemblyApp.Client", "BlazorWebAssemblyApp\Client\BlazorWebAssemblyApp.Client.csproj", "{130B9334-0131-45D2-B941-548B28B90ADC}"
EndProject
Project("{FAE04EC0-301F-11D3-BF4B-00C04F79EFBC}") = "BlazorWebAssemblyApp.Shared", "BlazorWebAssemblyApp\Shared\BlazorWebAssemblyApp.Shared.csproj", "{1BC95267-D8B2-437C-9F87-7DB38EE8AD76}"
EndProject
Global
	GlobalSection(SolutionConfigurationPlatforms) = preSolution
		Debug|Any CPU = Debug|Any CPU
		Release|Any CPU = Release|Any CPU
	EndGlobalSection
	GlobalSection(ProjectConfigurationPlatforms) = postSolution
		{65BD6022-23FE-4FF2-9324-FF92B38778F2}.Debug|Any CPU.ActiveCfg = Debug|Any CPU
		{65BD6022-23FE-4FF2-9324-FF92B38778F2}.Debug|Any CPU.Build.0 = Debug|Any CPU
		{65BD6022-23FE-4FF2-9324-FF92B38778F2}.Release|Any CPU.ActiveCfg = Release|Any CPU
		{65BD6022-23FE-4FF2-9324-FF92B38778F2}.Release|Any CPU.Build.0 = Release|Any CPU
		{130B9334-0131-45D2-B941-548B28B90ADC}.Debug|Any CPU.ActiveCfg = Debug|Any CPU
		{130B9334-0131-45D2-B941-548B28B90ADC}.Debug|Any CPU.Build.0 = Debug|Any CPU
		{130B9334-0131-45D2-B941-548B28B90ADC}.Release|Any CPU.ActiveCfg = Release|Any CPU
		{130B9334-0131-45D2-B941-548B28B90ADC}.Release|Any CPU.Build.0 = Release|Any CPU
		{1BC95267-D8B2-437C-9F87-7DB38EE8AD76}.Debug|Any CPU.ActiveCfg = Debug|Any CPU
		{1BC95267-D8B2-437C-9F87-7DB38EE8AD76}.Debug|Any CPU.Build.0 = Debug|Any CPU
		{1BC95267-D8B2-437C-9F87-7DB38EE8AD76}.Release|Any CPU.ActiveCfg = Release|Any CPU
		{1BC95267-D8B2-437C-9F87-7DB38EE8AD76}.Release|Any CPU.Build.0 = Release|Any CPU
	EndGlobalSection
	GlobalSection(SolutionProperties) = preSolution
		HideSolutionNode = FALSE
	EndGlobalSection
	GlobalSection(ExtensibilityGlobals) = postSolution
		SolutionGuid = {8F6F9E47-FB9F-4D2F-BDDE-20FD26462027}
	EndGlobalSection
EndGlobal
