
Microsoft Visual Studio Solution File, Format Version 12.00
# Visual Studio Version 16
VisualStudioVersion = 16.0.31025.194
MinimumVisualStudioVersion = 10.0.40219.1
Project("{FAE04EC0-301F-11D3-BF4B-00C04F79EFBC}") = "SortingAlgorithm", "SortingAlgorithm\SortingAlgorithm.csproj", "{CE8FAEA3-471B-4A2F-90D3-3B04000566B1}"
EndProject
Global
	GlobalSection(SolutionConfigurationPlatforms) = preSolution
		Debug|Any CPU = Debug|Any CPU
		Release|Any CPU = Release|Any CPU
	EndGlobalSection
	GlobalSection(ProjectConfigurationPlatforms) = postSolution
		{CE8FAEA3-471B-4A2F-90D3-3B04000566B1}.Debug|Any CPU.ActiveCfg = Debug|Any CPU
		{CE8FAEA3-471B-4A2F-90D3-3B04000566B1}.Debug|Any CPU.Build.0 = Debug|Any CPU
		{CE8FAEA3-471B-4A2F-90D3-3B04000566B1}.Release|Any CPU.ActiveCfg = Release|Any CPU
		{CE8FAEA3-471B-4A2F-90D3-3B04000566B1}.Release|Any CPU.Build.0 = Release|Any CPU
	EndGlobalSection
	GlobalSection(SolutionProperties) = preSolution
		HideSolutionNode = FALSE
	EndGlobalSection
	GlobalSection(ExtensibilityGlobals) = postSolution
		SolutionGuid = {89915057-B144-4A82-9476-E8109A749057}
	EndGlobalSection
EndGlobal
